// !$*UTF8*$!
{
	archiveVersion = 1;
	classes = {
	};
	objectVersion = 46;
	objects = {

/* Begin PBXBuildFile section */
		D59DCE2D197F9D5800A8DB1A /* Foundation.framework in Frameworks */ = {isa = PBXBuildFile; fileRef = D59DCE2C197F9D5800A8DB1A /* Foundation.framework */; };
		D59DCE2F197F9D5800A8DB1A /* CoreGraphics.framework in Frameworks */ = {isa = PBXBuildFile; fileRef = D59DCE2E197F9D5800A8DB1A /* CoreGraphics.framework */; };
		D59DCE31197F9D5800A8DB1A /* UIKit.framework in Frameworks */ = {isa = PBXBuildFile; fileRef = D59DCE30197F9D5800A8DB1A /* UIKit.framework */; };
		D59DCE33197F9D5800A8DB1A /* CoreData.framework in Frameworks */ = {isa = PBXBuildFile; fileRef = D59DCE32197F9D5800A8DB1A /* CoreData.framework */; };
		D59DCE39197F9D5800A8DB1A /* InfoPlist.strings in Resources */ = {isa = PBXBuildFile; fileRef = D59DCE37197F9D5800A8DB1A /* InfoPlist.strings */; };
		D59DCE3B197F9D5800A8DB1A /* main.m in Sources */ = {isa = PBXBuildFile; fileRef = D59DCE3A197F9D5800A8DB1A /* main.m */; };
		D59DCE3F197F9D5800A8DB1A /* AppDelegate.m in Sources */ = {isa = PBXBuildFile; fileRef = D59DCE3E197F9D5800A8DB1A /* AppDelegate.m */; };
		D59DCE42197F9D5800A8DB1A /* Main.storyboard in Resources */ = {isa = PBXBuildFile; fileRef = D59DCE40197F9D5800A8DB1A /* Main.storyboard */; };
		D59DCE45197F9D5800A8DB1A /* AppSettings.xcdatamodeld in Sources */ = {isa = PBXBuildFile; fileRef = D59DCE43197F9D5800A8DB1A /* AppSettings.xcdatamodeld */; };
		D59DCE48197F9D5800A8DB1A /* MainViewController.m in Sources */ = {isa = PBXBuildFile; fileRef = D59DCE47197F9D5800A8DB1A /* MainViewController.m */; };
		D59DCE4B197F9D5800A8DB1A /* FlipsideViewController.m in Sources */ = {isa = PBXBuildFile; fileRef = D59DCE4A197F9D5800A8DB1A /* FlipsideViewController.m */; };
		D59DCE4D197F9D5800A8DB1A /* Images.xcassets in Resources */ = {isa = PBXBuildFile; fileRef = D59DCE4C197F9D5800A8DB1A /* Images.xcassets */; };
		D59DCE54197F9D5800A8DB1A /* XCTest.framework in Frameworks */ = {isa = PBXBuildFile; fileRef = D59DCE53197F9D5800A8DB1A /* XCTest.framework */; };
		D59DCE55197F9D5800A8DB1A /* Foundation.framework in Frameworks */ = {isa = PBXBuildFile; fileRef = D59DCE2C197F9D5800A8DB1A /* Foundation.framework */; };
		D59DCE56197F9D5800A8DB1A /* UIKit.framework in Frameworks */ = {isa = PBXBuildFile; fileRef = D59DCE30197F9D5800A8DB1A /* UIKit.framework */; };
		D59DCE57197F9D5800A8DB1A /* CoreData.framework in Frameworks */ = {isa = PBXBuildFile; fileRef = D59DCE32197F9D5800A8DB1A /* CoreData.framework */; };
		D59DCE5F197F9D5800A8DB1A /* InfoPlist.strings in Resources */ = {isa = PBXBuildFile; fileRef = D59DCE5D197F9D5800A8DB1A /* InfoPlist.strings */; };
		D59DCE61197F9D5800A8DB1A /* AppSettingsTests.m in Sources */ = {isa = PBXBuildFile; fileRef = D59DCE60197F9D5800A8DB1A /* AppSettingsTests.m */; };
/* End PBXBuildFile section */

/* Begin PBXContainerItemProxy section */
		D59DCE58197F9D5800A8DB1A /* PBXContainerItemProxy */ = {
			isa = PBXContainerItemProxy;
			containerPortal = D59DCE21197F9D5800A8DB1A /* Project object */;
			proxyType = 1;
			remoteGlobalIDString = D59DCE28197F9D5800A8DB1A;
			remoteInfo = AppSettings;
		};
/* End PBXContainerItemProxy section */

/* Begin PBXFileReference section */
		D59DCE29197F9D5800A8DB1A /* AppSettings.app */ = {isa = PBXFileReference; explicitFileType = wrapper.application; includeInIndex = 0; path = AppSettings.app; sourceTree = BUILT_PRODUCTS_DIR; };
		D59DCE2C197F9D5800A8DB1A /* Foundation.framework */ = {isa = PBXFileReference; lastKnownFileType = wrapper.framework; name = Foundation.framework; path = System/Library/Frameworks/Foundation.framework; sourceTree = SDKROOT; };
		D59DCE2E197F9D5800A8DB1A /* CoreGraphics.framework */ = {isa = PBXFileReference; lastKnownFileType = wrapper.framework; name = CoreGraphics.framework; path = System/Library/Frameworks/CoreGraphics.framework; sourceTree = SDKROOT; };
		D59DCE30197F9D5800A8DB1A /* UIKit.framework */ = {isa = PBXFileReference; lastKnownFileType = wrapper.framework; name = UIKit.framework; path = System/Library/Frameworks/UIKit.framework; sourceTree = SDKROOT; };
		D59DCE32197F9D5800A8DB1A /* CoreData.framework */ = {isa = PBXFileReference; lastKnownFileType = wrapper.framework; name = CoreData.framework; path = System/Library/Frameworks/CoreData.framework; sourceTree = SDKROOT; };
		D59DCE36197F9D5800A8DB1A /* AppSettings-Info.plist */ = {isa = PBXFileReference; lastKnownFileType = text.plist.xml; path = "AppSettings-Info.plist"; sourceTree = "<group>"; };
		D59DCE38197F9D5800A8DB1A /* en */ = {isa = PBXFileReference; lastKnownFileType = text.plist.strings; name = en; path = en.lproj/InfoPlist.strings; sourceTree = "<group>"; };
		D59DCE3A197F9D5800A8DB1A /* main.m */ = {isa = PBXFileReference; lastKnownFileType = sourcecode.c.objc; path = main.m; sourceTree = "<group>"; };
		D59DCE3C197F9D5800A8DB1A /* AppSettings-Prefix.pch */ = {isa = PBXFileReference; lastKnownFileType = sourcecode.c.h; path = "AppSettings-Prefix.pch"; sourceTree = "<group>"; };
		D59DCE3D197F9D5800A8DB1A /* AppDelegate.h */ = {isa = PBXFileReference; lastKnownFileType = sourcecode.c.h; path = AppDelegate.h; sourceTree = "<group>"; };
		D59DCE3E197F9D5800A8DB1A /* AppDelegate.m */ = {isa = PBXFileReference; lastKnownFileType = sourcecode.c.objc; path = AppDelegate.m; sourceTree = "<group>"; };
		D59DCE41197F9D5800A8DB1A /* Base */ = {isa = PBXFileReference; lastKnownFileType = file.storyboard; name = Base; path = Base.lproj/Main.storyboard; sourceTree = "<group>"; };
		D59DCE44197F9D5800A8DB1A /* AppSettings.xcdatamodel */ = {isa = PBXFileReference; lastKnownFileType = wrapper.xcdatamodel; path = AppSettings.xcdatamodel; sourceTree = "<group>"; };
		D59DCE46197F9D5800A8DB1A /* MainViewController.h */ = {isa = PBXFileReference; lastKnownFileType = sourcecode.c.h; path = MainViewController.h; sourceTree = "<group>"; };
		D59DCE47197F9D5800A8DB1A /* MainViewController.m */ = {isa = PBXFileReference; lastKnownFileType = sourcecode.c.objc; path = MainViewController.m; sourceTree = "<group>"; };
		D59DCE49197F9D5800A8DB1A /* FlipsideViewController.h */ = {isa = PBXFileReference; lastKnownFileType = sourcecode.c.h; path = FlipsideViewController.h; sourceTree = "<group>"; };
		D59DCE4A197F9D5800A8DB1A /* FlipsideViewController.m */ = {isa = PBXFileReference; lastKnownFileType = sourcecode.c.objc; path = FlipsideViewController.m; sourceTree = "<group>"; };
		D59DCE4C197F9D5800A8DB1A /* Images.xcassets */ = {isa = PBXFileReference; lastKnownFileType = folder.assetcatalog; path = Images.xcassets; sourceTree = "<group>"; };
		D59DCE52197F9D5800A8DB1A /* AppSettingsTests.xctest */ = {isa = PBXFileReference; explicitFileType = wrapper.cfbundle; includeInIndex = 0; path = AppSettingsTests.xctest; sourceTree = BUILT_PRODUCTS_DIR; };
		D59DCE53197F9D5800A8DB1A /* XCTest.framework */ = {isa = PBXFileReference; lastKnownFileType = wrapper.framework; name = XCTest.framework; path = Library/Frameworks/XCTest.framework; sourceTree = DEVELOPER_DIR; };
		D59DCE5C197F9D5800A8DB1A /* AppSettingsTests-Info.plist */ = {isa = PBXFileReference; lastKnownFileType = text.plist.xml; path = "AppSettingsTests-Info.plist"; sourceTree = "<group>"; };
		D59DCE5E197F9D5800A8DB1A /* en */ = {isa = PBXFileReference; lastKnownFileType = text.plist.strings; name = en; path = en.lproj/InfoPlist.strings; sourceTree = "<group>"; };
		D59DCE60197F9D5800A8DB1A /* AppSettingsTests.m */ = {isa = PBXFileReference; lastKnownFileType = sourcecode.c.objc; path = AppSettingsTests.m; sourceTree = "<group>"; };
/* End PBXFileReference section */

/* Begin PBXFrameworksBuildPhase section */
		D59DCE26197F9D5800A8DB1A /* Frameworks */ = {
			isa = PBXFrameworksBuildPhase;
			buildActionMask = 2147483647;
			files = (
				D59DCE2F197F9D5800A8DB1A /* CoreGraphics.framework in Frameworks */,
				D59DCE33197F9D5800A8DB1A /* CoreData.framework in Frameworks */,
				D59DCE31197F9D5800A8DB1A /* UIKit.framework in Frameworks */,
				D59DCE2D197F9D5800A8DB1A /* Foundation.framework in Frameworks */,
			);
			runOnlyForDeploymentPostprocessing = 0;
		};
		D59DCE4F197F9D5800A8DB1A /* Frameworks */ = {
			isa = PBXFrameworksBuildPhase;
			buildActionMask = 2147483647;
			files = (
				D59DCE54197F9D5800A8DB1A /* XCTest.framework in Frameworks */,
				D59DCE57197F9D5800A8DB1A /* CoreData.framework in Frameworks */,
				D59DCE56197F9D5800A8DB1A /* UIKit.framework in Frameworks */,
				D59DCE55197F9D5800A8DB1A /* Foundation.framework in Frameworks */,
			);
			runOnlyForDeploymentPostprocessing = 0;
		};
/* End PBXFrameworksBuildPhase section */

/* Begin PBXGroup section */
		D59DCE20197F9D5800A8DB1A = {
			isa = PBXGroup;
			children = (
				D59DCE34197F9D5800A8DB1A /* AppSettings */,
				D59DCE5A197F9D5800A8DB1A /* AppSettingsTests */,
				D59DCE2B197F9D5800A8DB1A /* Frameworks */,
				D59DCE2A197F9D5800A8DB1A /* Products */,
			);
			sourceTree = "<group>";
		};
		D59DCE2A197F9D5800A8DB1A /* Products */ = {
			isa = PBXGroup;
			children = (
				D59DCE29197F9D5800A8DB1A /* AppSettings.app */,
				D59DCE52197F9D5800A8DB1A /* AppSettingsTests.xctest */,
			);
			name = Products;
			sourceTree = "<group>";
		};
		D59DCE2B197F9D5800A8DB1A /* Frameworks */ = {
			isa = PBXGroup;
			children = (
				D59DCE2C197F9D5800A8DB1A /* Foundation.framework */,
				D59DCE2E197F9D5800A8DB1A /* CoreGraphics.framework */,
				D59DCE30197F9D5800A8DB1A /* UIKit.framework */,
				D59DCE32197F9D5800A8DB1A /* CoreData.framework */,
				D59DCE53197F9D5800A8DB1A /* XCTest.framework */,
			);
			name = Frameworks;
			sourceTree = "<group>";
		};
		D59DCE34197F9D5800A8DB1A /* AppSettings */ = {
			isa = PBXGroup;
			children = (
				D59DCE3D197F9D5800A8DB1A /* AppDelegate.h */,
				D59DCE3E197F9D5800A8DB1A /* AppDelegate.m */,
				D59DCE40197F9D5800A8DB1A /* Main.storyboard */,
				D59DCE46197F9D5800A8DB1A /* MainViewController.h */,
				D59DCE47197F9D5800A8DB1A /* MainViewController.m */,
				D59DCE49197F9D5800A8DB1A /* FlipsideViewController.h */,
				D59DCE4A197F9D5800A8DB1A /* FlipsideViewController.m */,
				D59DCE4C197F9D5800A8DB1A /* Images.xcassets */,
				D59DCE43197F9D5800A8DB1A /* AppSettings.xcdatamodeld */,
				D59DCE35197F9D5800A8DB1A /* Supporting Files */,
			);
			path = AppSettings;
			sourceTree = "<group>";
		};
		D59DCE35197F9D5800A8DB1A /* Supporting Files */ = {
			isa = PBXGroup;
			children = (
				D59DCE36197F9D5800A8DB1A /* AppSettings-Info.plist */,
				D59DCE37197F9D5800A8DB1A /* InfoPlist.strings */,
				D59DCE3A197F9D5800A8DB1A /* main.m */,
				D59DCE3C197F9D5800A8DB1A /* AppSettings-Prefix.pch */,
			);
			name = "Supporting Files";
			sourceTree = "<group>";
		};
		D59DCE5A197F9D5800A8DB1A /* AppSettingsTests */ = {
			isa = PBXGroup;
			children = (
				D59DCE60197F9D5800A8DB1A /* AppSettingsTests.m */,
				D59DCE5B197F9D5800A8DB1A /* Supporting Files */,
			);
			path = AppSettingsTests;
			sourceTree = "<group>";
		};
		D59DCE5B197F9D5800A8DB1A /* Supporting Files */ = {
			isa = PBXGroup;
			children = (
				D59DCE5C197F9D5800A8DB1A /* AppSettingsTests-Info.plist */,
				D59DCE5D197F9D5800A8DB1A /* InfoPlist.strings */,
			);
			name = "Supporting Files";
			sourceTree = "<group>";
		};
/* End PBXGroup section */

/* Begin PBXNativeTarget section */
		D59DCE28197F9D5800A8DB1A /* AppSettings */ = {
			isa = PBXNativeTarget;
			buildConfigurationList = D59DCE64197F9D5800A8DB1A /* Build configuration list for PBXNativeTarget "AppSettings" */;
			buildPhases = (
				D59DCE25197F9D5800A8DB1A /* Sources */,
				D59DCE26197F9D5800A8DB1A /* Frameworks */,
				D59DCE27197F9D5800A8DB1A /* Resources */,
			);
			buildRules = (
			);
			dependencies = (
			);
			name = AppSettings;
			productName = AppSettings;
			productReference = D59DCE29197F9D5800A8DB1A /* AppSettings.app */;
			productType = "com.apple.product-type.application";
		};
		D59DCE51197F9D5800A8DB1A /* AppSettingsTests */ = {
			isa = PBXNativeTarget;
			buildConfigurationList = D59DCE67197F9D5800A8DB1A /* Build configuration list for PBXNativeTarget "AppSettingsTests" */;
			buildPhases = (
				D59DCE4E197F9D5800A8DB1A /* Sources */,
				D59DCE4F197F9D5800A8DB1A /* Frameworks */,
				D59DCE50197F9D5800A8DB1A /* Resources */,
			);
			buildRules = (
			);
			dependencies = (
				D59DCE59197F9D5800A8DB1A /* PBXTargetDependency */,
			);
			name = AppSettingsTests;
			productName = AppSettingsTests;
			productReference = D59DCE52197F9D5800A8DB1A /* AppSettingsTests.xctest */;
			productType = "com.apple.product-type.bundle.unit-test";
		};
/* End PBXNativeTarget section */

/* Begin PBXProject section */
		D59DCE21197F9D5800A8DB1A /* Project object */ = {
			isa = PBXProject;
			attributes = {
				LastUpgradeCheck = 0510;
				ORGANIZATIONNAME = UTAR;
				TargetAttributes = {
					D59DCE51197F9D5800A8DB1A = {
						TestTargetID = D59DCE28197F9D5800A8DB1A;
					};
				};
			};
			buildConfigurationList = D59DCE24197F9D5800A8DB1A /* Build configuration list for PBXProject "AppSettings" */;
			compatibilityVersion = "Xcode 3.2";
			developmentRegion = English;
			hasScannedForEncodings = 0;
			knownRegions = (
				en,
				Base,
			);
			mainGroup = D59DCE20197F9D5800A8DB1A;
			productRefGroup = D59DCE2A197F9D5800A8DB1A /* Products */;
			projectDirPath = "";
			projectRoot = "";
			targets = (
				D59DCE28197F9D5800A8DB1A /* AppSettings */,
				D59DCE51197F9D5800A8DB1A /* AppSettingsTests */,
			);
		};
/* End PBXProject section */

/* Begin PBXResourcesBuildPhase section */
		D59DCE27197F9D5800A8DB1A /* Resources */ = {
			isa = PBXResourcesBuildPhase;
			buildActionMask = 2147483647;
			files = (
				D59DCE4D197F9D5800A8DB1A /* Images.xcassets in Resources */,
				D59DCE39197F9D5800A8DB1A /* InfoPlist.strings in Resources */,
				D59DCE42197F9D5800A8DB1A /* Main.storyboard in Resources */,
			);
			runOnlyForDeploymentPostprocessing = 0;
		};
		D59DCE50197F9D5800A8DB1A /* Resources */ = {
			isa = PBXResourcesBuildPhase;
			buildActionMask = 2147483647;
			files = (
				D59DCE5F197F9D5800A8DB1A /* InfoPlist.strings in Resources */,
			);
			runOnlyForDeploymentPostprocessing = 0;
		};
/* End PBXResourcesBuildPhase section */

/* Begin PBXSourcesBuildPhase section */
		D59DCE25197F9D5800A8DB1A /* Sources */ = {
			isa = PBXSourcesBuildPhase;
			buildActionMask = 2147483647;
			files = (
				D59DCE3F197F9D5800A8DB1A /* AppDelegate.m in Sources */,
				D59DCE45197F9D5800A8DB1A /* AppSettings.xcdatamodeld in Sources */,
				D59DCE3B197F9D5800A8DB1A /* main.m in Sources */,
				D59DCE4B197F9D5800A8DB1A /* FlipsideViewController.m in Sources */,
				D59DCE48197F9D5800A8DB1A /* MainViewController.m in Sources */,
			);
			runOnlyForDeploymentPostprocessing = 0;
		};
		D59DCE4E197F9D5800A8DB1A /* Sources */ = {
			isa = PBXSourcesBuildPhase;
			buildActionMask = 2147483647;
			files = (
				D59DCE61197F9D5800A8DB1A /* AppSettingsTests.m in Sources */,
			);
			runOnlyForDeploymentPostprocessing = 0;
		};
/* End PBXSourcesBuildPhase section */

/* Begin PBXTargetDependency section */
		D59DCE59197F9D5800A8DB1A /* PBXTargetDependency */ = {
			isa = PBXTargetDependency;
			target = D59DCE28197F9D5800A8DB1A /* AppSettings */;
			targetProxy = D59DCE58197F9D5800A8DB1A /* PBXContainerItemProxy */;
		};
/* End PBXTargetDependency section */

/* Begin PBXVariantGroup section */
		D59DCE37197F9D5800A8DB1A /* InfoPlist.strings */ = {
			isa = PBXVariantGroup;
			children = (
				D59DCE38197F9D5800A8DB1A /* en */,
			);
			name = InfoPlist.strings;
			sourceTree = "<group>";
		};
		D59DCE40197F9D5800A8DB1A /* Main.storyboard */ = {
			isa = PBXVariantGroup;
			children = (
				D59DCE41197F9D5800A8DB1A /* Base */,
			);
			name = Main.storyboard;
			sourceTree = "<group>";
		};
		D59DCE5D197F9D5800A8DB1A /* InfoPlist.strings */ = {
			isa = PBXVariantGroup;
			children = (
				D59DCE5E197F9D5800A8DB1A /* en */,
			);
			name = InfoPlist.strings;
			sourceTree = "<group>";
		};
/* End PBXVariantGroup section */

/* Begin XCBuildConfiguration section */
		D59DCE62197F9D5800A8DB1A /* Debug */ = {
			isa = XCBuildConfiguration;
			buildSettings = {
				ALWAYS_SEARCH_USER_PATHS = NO;
				CLANG_CXX_LANGUAGE_STANDARD = "gnu++0x";
				CLANG_CXX_LIBRARY = "libc++";
				CLANG_ENABLE_MODULES = YES;
				CLANG_ENABLE_OBJC_ARC = YES;
				CLANG_WARN_BOOL_CONVERSION = YES;
				CLANG_WARN_CONSTANT_CONVERSION = YES;
				CLANG_WARN_DIRECT_OBJC_ISA_USAGE = YES_ERROR;
				CLANG_WARN_EMPTY_BODY = YES;
				CLANG_WARN_ENUM_CONVERSION = YES;
				CLANG_WARN_INT_CONVERSION = YES;
				CLANG_WARN_OBJC_ROOT_CLASS = YES_ERROR;
				CLANG_WARN__DUPLICATE_METHOD_MATCH = YES;
				"CODE_SIGN_IDENTITY[sdk=iphoneos*]" = "iPhone Developer";
				COPY_PHASE_STRIP = NO;
				GCC_C_LANGUAGE_STANDARD = gnu99;
				GCC_DYNAMIC_NO_PIC = NO;
				GCC_OPTIMIZATION_LEVEL = 0;
				GCC_PREPROCESSOR_DEFINITIONS = (
					"DEBUG=1",
					"$(inherited)",
				);
				GCC_SYMBOLS_PRIVATE_EXTERN = NO;
				GCC_WARN_64_TO_32_BIT_CONVERSION = YES;
				GCC_WARN_ABOUT_RETURN_TYPE = YES_ERROR;
				GCC_WARN_UNDECLARED_SELECTOR = YES;
				GCC_WARN_UNINITIALIZED_AUTOS = YES_AGGRESSIVE;
				GCC_WARN_UNUSED_FUNCTION = YES;
				GCC_WARN_UNUSED_VARIABLE = YES;
				IPHONEOS_DEPLOYMENT_TARGET = 7.1;
				ONLY_ACTIVE_ARCH = YES;
				SDKROOT = iphoneos;
			};
			name = Debug;
		};
		D59DCE63197F9D5800A8DB1A /* Release */ = {
			isa = XCBuildConfiguration;
			buildSettings = {
				ALWAYS_SEARCH_USER_PATHS = NO;
				CLANG_CXX_LANGUAGE_STANDARD = "gnu++0x";
				CLANG_CXX_LIBRARY = "libc++";
				CLANG_ENABLE_MODULES = YES;
				CLANG_ENABLE_OBJC_ARC = YES;
				CLANG_WARN_BOOL_CONVERSION = YES;
				CLANG_WARN_CONSTANT_CONVERSION = YES;
				CLANG_WARN_DIRECT_OBJC_ISA_USAGE = YES_ERROR;
				CLANG_WARN_EMPTY_BODY = YES;
				CLANG_WARN_ENUM_CONVERSION = YES;
				CLANG_WARN_INT_CONVERSION = YES;
				CLANG_WARN_OBJC_ROOT_CLASS = YES_ERROR;
				CLANG_WARN__DUPLICATE_METHOD_MATCH = YES;
				"CODE_SIGN_IDENTITY[sdk=iphoneos*]" = "iPhone Developer";
				COPY_PHASE_STRIP = YES;
				ENABLE_NS_ASSERTIONS = NO;
				GCC_C_LANGUAGE_STANDARD = gnu99;
				GCC_WARN_64_TO_32_BIT_CONVERSION = YES;
				GCC_WARN_ABOUT_RETURN_TYPE = YES_ERROR;
				GCC_WARN_UNDECLARED_SELECTOR = YES;
				GCC_WARN_UNINITIALIZED_AUTOS = YES_AGGRESSIVE;
				GCC_WARN_UNUSED_FUNCTION = YES;
				GCC_WARN_UNUSED_VARIABLE = YES;
				IPHONEOS_DEPLOYMENT_TARGET = 7.1;
				SDKROOT = iphoneos;
				VALIDATE_PRODUCT = YES;
			};
			name = Release;
		};
		D59DCE65197F9D5800A8DB1A /* Debug */ = {
			isa = XCBuildConfiguration;
			buildSettings = {
				ASSETCATALOG_COMPILER_APPICON_NAME = AppIcon;
				ASSETCATALOG_COMPILER_LAUNCHIMAGE_NAME = LaunchImage;
				GCC_PRECOMPILE_PREFIX_HEADER = YES;
				GCC_PREFIX_HEADER = "AppSettings/AppSettings-Prefix.pch";
				INFOPLIST_FILE = "AppSettings/AppSettings-Info.plist";
				PRODUCT_NAME = "$(TARGET_NAME)";
				WRAPPER_EXTENSION = app;
			};
			name = Debug;
		};
		D59DCE66197F9D5800A8DB1A /* Release */ = {
			isa = XCBuildConfiguration;
			buildSettings = {
				ASSETCATALOG_COMPILER_APPICON_NAME = AppIcon;
				ASSETCATALOG_COMPILER_LAUNCHIMAGE_NAME = LaunchImage;
				GCC_PRECOMPILE_PREFIX_HEADER = YES;
				GCC_PREFIX_HEADER = "AppSettings/AppSettings-Prefix.pch";
				INFOPLIST_FILE = "AppSettings/AppSettings-Info.plist";
				PRODUCT_NAME = "$(TARGET_NAME)";
				WRAPPER_EXTENSION = app;
			};
			name = Release;
		};
		D59DCE68197F9D5800A8DB1A /* Debug */ = {
			isa = XCBuildConfiguration;
			buildSettings = {
				BUNDLE_LOADER = "$(BUILT_PRODUCTS_DIR)/AppSettings.app/AppSettings";
				FRAMEWORK_SEARCH_PATHS = (
					"$(SDKROOT)/Developer/Library/Frameworks",
					"$(inherited)",
					"$(DEVELOPER_FRAMEWORKS_DIR)",
				);
				GCC_PRECOMPILE_PREFIX_HEADER = YES;
				GCC_PREFIX_HEADER = "AppSettings/AppSettings-Prefix.pch";
				GCC_PREPROCESSOR_DEFINITIONS = (
					"DEBUG=1",
					"$(inherited)",
				);
				INFOPLIST_FILE = "AppSettingsTests/AppSettingsTests-Info.plist";
				PRODUCT_NAME = "$(TARGET_NAME)";
				TEST_HOST = "$(BUNDLE_LOADER)";
				WRAPPER_EXTENSION = xctest;
			};
			name = Debug;
		};
		D59DCE69197F9D5800A8DB1A /* Release */ = {
			isa = XCBuildConfiguration;
			buildSettings = {
				BUNDLE_LOADER = "$(BUILT_PRODUCTS_DIR)/AppSettings.app/AppSettings";
				FRAMEWORK_SEARCH_PATHS = (
					"$(SDKROOT)/Developer/Library/Frameworks",
					"$(inherited)",
					"$(DEVELOPER_FRAMEWORKS_DIR)",
				);
				GCC_PRECOMPILE_PREFIX_HEADER = YES;
				GCC_PREFIX_HEADER = "AppSettings/AppSettings-Prefix.pch";
				INFOPLIST_FILE = "AppSettingsTests/AppSettingsTests-Info.plist";
				PRODUCT_NAME = "$(TARGET_NAME)";
				TEST_HOST = "$(BUNDLE_LOADER)";
				WRAPPER_EXTENSION = xctest;
			};
			name = Release;
		};
/* End XCBuildConfiguration section */

/* Begin XCConfigurationList section */
		D59DCE24197F9D5800A8DB1A /* Build configuration list for PBXProject "AppSettings" */ = {
			isa = XCConfigurationList;
			buildConfigurations = (
				D59DCE62197F9D5800A8DB1A /* Debug */,
				D59DCE63197F9D5800A8DB1A /* Release */,
			);
			defaultConfigurationIsVisible = 0;
			defaultConfigurationName = Release;
		};
		D59DCE64197F9D5800A8DB1A /* Build configuration list for PBXNativeTarget "AppSettings" */ = {
			isa = XCConfigurationList;
			buildConfigurations = (
				D59DCE65197F9D5800A8DB1A /* Debug */,
				D59DCE66197F9D5800A8DB1A /* Release */,
			);
			defaultConfigurationIsVisible = 0;
		};
		D59DCE67197F9D5800A8DB1A /* Build configuration list for PBXNativeTarget "AppSettingsTests" */ = {
			isa = XCConfigurationList;
			buildConfigurations = (
				D59DCE68197F9D5800A8DB1A /* Debug */,
				D59DCE69197F9D5800A8DB1A /* Release */,
			);
			defaultConfigurationIsVisible = 0;
		};
/* End XCConfigurationList section */

/* Begin XCVersionGroup section */
		D59DCE43197F9D5800A8DB1A /* AppSettings.xcdatamodeld */ = {
			isa = XCVersionGroup;
			children = (
				D59DCE44197F9D5800A8DB1A /* AppSettings.xcdatamodel */,
			);
			currentVersion = D59DCE44197F9D5800A8DB1A /* AppSettings.xcdatamodel */;
			path = AppSettings.xcdatamodeld;
			sourceTree = "<group>";
			versionGroupType = wrapper.xcdatamodel;
		};
/* End XCVersionGroup section */
	};
	rootObject = D59DCE21197F9D5800A8DB1A /* Project object */;
}
